// !$*UTF8*$!
{
	archiveVersion = 1;
	classes = {
	};
	objectVersion = 50;
	objects = {

/* Begin PBXBuildFile section */
		F0392B4B2154516B00A4978E /* AppDelegate.swift in Sources */ = {isa = PBXBuildFile; fileRef = F0392B4A2154516B00A4978E /* AppDelegate.swift */; };
		F0392B4D2154516B00A4978E /* ViewController.swift in Sources */ = {isa = PBXBuildFile; fileRef = F0392B4C2154516B00A4978E /* ViewController.swift */; };
		F0392B502154516B00A4978E /* Main.storyboard in Resources */ = {isa = PBXBuildFile; fileRef = F0392B4E2154516B00A4978E /* Main.storyboard */; };
		F0392B522154516C00A4978E /* Assets.xcassets in Resources */ = {isa = PBXBuildFile; fileRef = F0392B512154516C00A4978E /* Assets.xcassets */; };
		F0392B552154516C00A4978E /* LaunchScreen.storyboard in Resources */ = {isa = PBXBuildFile; fileRef = F0392B532154516C00A4978E /* LaunchScreen.storyboard */; };
		F0392B602154516C00A4978E /* VirtualPetApp_Lab2Tests.swift in Sources */ = {isa = PBXBuildFile; fileRef = F0392B5F2154516C00A4978E /* VirtualPetApp_Lab2Tests.swift */; };
		F0392B6B2154516C00A4978E /* VirtualPetApp_Lab2UITests.swift in Sources */ = {isa = PBXBuildFile; fileRef = F0392B6A2154516C00A4978E /* VirtualPetApp_Lab2UITests.swift */; };
		F0392B7B2154519E00A4978E /* DisplayView.swift in Sources */ = {isa = PBXBuildFile; fileRef = F0392B7A2154519E00A4978E /* DisplayView.swift */; };
		F0AFEC9F21584A6C000BA0CE /* Animal.swift in Sources */ = {isa = PBXBuildFile; fileRef = F0AFEC9E21584A6C000BA0CE /* Animal.swift */; };
		F0AFECA7215894B5000BA0CE /* cat.mp3 in Resources */ = {isa = PBXBuildFile; fileRef = F0AFECA2215894B4000BA0CE /* cat.mp3 */; };
		F0AFECA8215894B5000BA0CE /* bell.mp3 in Resources */ = {isa = PBXBuildFile; fileRef = F0AFECA3215894B4000BA0CE /* bell.mp3 */; };
		F0AFECA9215894B5000BA0CE /* water.mp3 in Resources */ = {isa = PBXBuildFile; fileRef = F0AFECA4215894B4000BA0CE /* water.mp3 */; };
		F0AFECAA215894B5000BA0CE /* dog.mp3 in Resources */ = {isa = PBXBuildFile; fileRef = F0AFECA5215894B5000BA0CE /* dog.mp3 */; };
		F0AFECAB215894B5000BA0CE /* bird.mp3 in Resources */ = {isa = PBXBuildFile; fileRef = F0AFECA6215894B5000BA0CE /* bird.mp3 */; };
		F0AFECAD2158A6F3000BA0CE /* jump.mp3 in Resources */ = {isa = PBXBuildFile; fileRef = F0AFECAC2158A6F3000BA0CE /* jump.mp3 */; };
/* End PBXBuildFile section */

/* Begin PBXContainerItemProxy section */
		F0392B5C2154516C00A4978E /* PBXContainerItemProxy */ = {
			isa = PBXContainerItemProxy;
			containerPortal = F0392B3F2154516A00A4978E /* Project object */;
			proxyType = 1;
			remoteGlobalIDString = F0392B462154516A00A4978E;
			remoteInfo = "VirtualPetApp-Lab2";
		};
		F0392B672154516C00A4978E /* PBXContainerItemProxy */ = {
			isa = PBXContainerItemProxy;
			containerPortal = F0392B3F2154516A00A4978E /* Project object */;
			proxyType = 1;
			remoteGlobalIDString = F0392B462154516A00A4978E;
			remoteInfo = "VirtualPetApp-Lab2";
		};
/* End PBXContainerItemProxy section */

/* Begin PBXFileReference section */
		F0392B472154516A00A4978E /* VirtualPetApp-Lab2.app */ = {isa = PBXFileReference; explicitFileType = wrapper.application; includeInIndex = 0; path = "VirtualPetApp-Lab2.app"; sourceTree = BUILT_PRODUCTS_DIR; };
		F0392B4A2154516B00A4978E /* AppDelegate.swift */ = {isa = PBXFileReference; lastKnownFileType = sourcecode.swift; path = AppDelegate.swift; sourceTree = "<group>"; };
		F0392B4C2154516B00A4978E /* ViewController.swift */ = {isa = PBXFileReference; lastKnownFileType = sourcecode.swift; path = ViewController.swift; sourceTree = "<group>"; };
		F0392B4F2154516B00A4978E /* Base */ = {isa = PBXFileReference; lastKnownFileType = file.storyboard; name = Base; path = Base.lproj/Main.storyboard; sourceTree = "<group>"; };
		F0392B512154516C00A4978E /* Assets.xcassets */ = {isa = PBXFileReference; lastKnownFileType = folder.assetcatalog; path = Assets.xcassets; sourceTree = "<group>"; };
		F0392B542154516C00A4978E /* Base */ = {isa = PBXFileReference; lastKnownFileType = file.storyboard; name = Base; path = Base.lproj/LaunchScreen.storyboard; sourceTree = "<group>"; };
		F0392B562154516C00A4978E /* Info.plist */ = {isa = PBXFileReference; lastKnownFileType = text.plist.xml; path = Info.plist; sourceTree = "<group>"; };
		F0392B5B2154516C00A4978E /* VirtualPetApp-Lab2Tests.xctest */ = {isa = PBXFileReference; explicitFileType = wrapper.cfbundle; includeInIndex = 0; path = "VirtualPetApp-Lab2Tests.xctest"; sourceTree = BUILT_PRODUCTS_DIR; };
		F0392B5F2154516C00A4978E /* VirtualPetApp_Lab2Tests.swift */ = {isa = PBXFileReference; lastKnownFileType = sourcecode.swift; path = VirtualPetApp_Lab2Tests.swift; sourceTree = "<group>"; };
		F0392B612154516C00A4978E /* Info.plist */ = {isa = PBXFileReference; lastKnownFileType = text.plist.xml; path = Info.plist; sourceTree = "<group>"; };
		F0392B662154516C00A4978E /* VirtualPetApp-Lab2UITests.xctest */ = {isa = PBXFileReference; explicitFileType = wrapper.cfbundle; includeInIndex = 0; path = "VirtualPetApp-Lab2UITests.xctest"; sourceTree = BUILT_PRODUCTS_DIR; };
		F0392B6A2154516C00A4978E /* VirtualPetApp_Lab2UITests.swift */ = {isa = PBXFileReference; lastKnownFileType = sourcecode.swift; path = VirtualPetApp_Lab2UITests.swift; sourceTree = "<group>"; };
		F0392B6C2154516C00A4978E /* Info.plist */ = {isa = PBXFileReference; lastKnownFileType = text.plist.xml; path = Info.plist; sourceTree = "<group>"; };
		F0392B782154519700A4978E /* VirtualPetApp-Lab2 */ = {isa = PBXFileReference; lastKnownFileType = folder; path = "VirtualPetApp-Lab2"; sourceTree = SOURCE_ROOT; };
		F0392B7A2154519E00A4978E /* DisplayView.swift */ = {isa = PBXFileReference; fileEncoding = 4; lastKnownFileType = sourcecode.swift; name = DisplayView.swift; path = ../../DisplayView.swift; sourceTree = "<group>"; };
		F0AFEC9E21584A6C000BA0CE /* Animal.swift */ = {isa = PBXFileReference; lastKnownFileType = sourcecode.swift; path = Animal.swift; sourceTree = "<group>"; };
		F0AFECA2215894B4000BA0CE /* cat.mp3 */ = {isa = PBXFileReference; lastKnownFileType = audio.mp3; path = cat.mp3; sourceTree = "<group>"; };
		F0AFECA3215894B4000BA0CE /* bell.mp3 */ = {isa = PBXFileReference; lastKnownFileType = audio.mp3; path = bell.mp3; sourceTree = "<group>"; };
		F0AFECA4215894B4000BA0CE /* water.mp3 */ = {isa = PBXFileReference; lastKnownFileType = audio.mp3; path = water.mp3; sourceTree = "<group>"; };
		F0AFECA5215894B5000BA0CE /* dog.mp3 */ = {isa = PBXFileReference; lastKnownFileType = audio.mp3; path = dog.mp3; sourceTree = "<group>"; };
		F0AFECA6215894B5000BA0CE /* bird.mp3 */ = {isa = PBXFileReference; lastKnownFileType = audio.mp3; path = bird.mp3; sourceTree = "<group>"; };
		F0AFECAC2158A6F3000BA0CE /* jump.mp3 */ = {isa = PBXFileReference; lastKnownFileType = audio.mp3; path = jump.mp3; sourceTree = "<group>"; };
/* End PBXFileReference section */

/* Begin PBXFrameworksBuildPhase section */
		F0392B442154516A00A4978E /* Frameworks */ = {
			isa = PBXFrameworksBuildPhase;
			buildActionMask = 2147483647;
			files = (
			);
			runOnlyForDeploymentPostprocessing = 0;
		};
		F0392B582154516C00A4978E /* Frameworks */ = {
			isa = PBXFrameworksBuildPhase;
			buildActionMask = 2147483647;
			files = (
			);
			runOnlyForDeploymentPostprocessing = 0;
		};
		F0392B632154516C00A4978E /* Frameworks */ = {
			isa = PBXFrameworksBuildPhase;
			buildActionMask = 2147483647;
			files = (
			);
			runOnlyForDeploymentPostprocessing = 0;
		};
/* End PBXFrameworksBuildPhase section */

/* Begin PBXGroup section */
		F0392B3E2154516A00A4978E = {
			isa = PBXGroup;
			children = (
				F0AFECAC2158A6F3000BA0CE /* jump.mp3 */,
				F0AFECA3215894B4000BA0CE /* bell.mp3 */,
				F0AFECA6215894B5000BA0CE /* bird.mp3 */,
				F0AFECA2215894B4000BA0CE /* cat.mp3 */,
				F0AFECA5215894B5000BA0CE /* dog.mp3 */,
				F0AFECA4215894B4000BA0CE /* water.mp3 */,
				F0392B492154516B00A4978E /* VirtualPetApp-Lab2 */,
				F0392B5E2154516C00A4978E /* VirtualPetApp-Lab2Tests */,
				F0392B692154516C00A4978E /* VirtualPetApp-Lab2UITests */,
				F0392B482154516A00A4978E /* Products */,
			);
			sourceTree = "<group>";
		};
		F0392B482154516A00A4978E /* Products */ = {
			isa = PBXGroup;
			children = (
				F0392B472154516A00A4978E /* VirtualPetApp-Lab2.app */,
				F0392B5B2154516C00A4978E /* VirtualPetApp-Lab2Tests.xctest */,
				F0392B662154516C00A4978E /* VirtualPetApp-Lab2UITests.xctest */,
			);
			name = Products;
			sourceTree = "<group>";
		};
		F0392B492154516B00A4978E /* VirtualPetApp-Lab2 */ = {
			isa = PBXGroup;
			children = (
				F0392B7A2154519E00A4978E /* DisplayView.swift */,
				F0392B782154519700A4978E /* VirtualPetApp-Lab2 */,
				F0392B4A2154516B00A4978E /* AppDelegate.swift */,
				F0392B4C2154516B00A4978E /* ViewController.swift */,
				F0392B4E2154516B00A4978E /* Main.storyboard */,
				F0392B512154516C00A4978E /* Assets.xcassets */,
				F0392B532154516C00A4978E /* LaunchScreen.storyboard */,
				F0392B562154516C00A4978E /* Info.plist */,
				F0AFEC9E21584A6C000BA0CE /* Animal.swift */,
			);
			path = "VirtualPetApp-Lab2";
			sourceTree = "<group>";
		};
		F0392B5E2154516C00A4978E /* VirtualPetApp-Lab2Tests */ = {
			isa = PBXGroup;
			children = (
				F0392B5F2154516C00A4978E /* VirtualPetApp_Lab2Tests.swift */,
				F0392B612154516C00A4978E /* Info.plist */,
			);
			path = "VirtualPetApp-Lab2Tests";
			sourceTree = "<group>";
		};
		F0392B692154516C00A4978E /* VirtualPetApp-Lab2UITests */ = {
			isa = PBXGroup;
			children = (
				F0392B6A2154516C00A4978E /* VirtualPetApp_Lab2UITests.swift */,
				F0392B6C2154516C00A4978E /* Info.plist */,
			);
			path = "VirtualPetApp-Lab2UITests";
			sourceTree = "<group>";
		};
/* End PBXGroup section */

/* Begin PBXNativeTarget section */
		F0392B462154516A00A4978E /* VirtualPetApp-Lab2 */ = {
			isa = PBXNativeTarget;
			buildConfigurationList = F0392B6F2154516C00A4978E /* Build configuration list for PBXNativeTarget "VirtualPetApp-Lab2" */;
			buildPhases = (
				F0392B432154516A00A4978E /* Sources */,
				F0392B442154516A00A4978E /* Frameworks */,
				F0392B452154516A00A4978E /* Resources */,
			);
			buildRules = (
			);
			dependencies = (
			);
			name = "VirtualPetApp-Lab2";
			productName = "VirtualPetApp-Lab2";
			productReference = F0392B472154516A00A4978E /* VirtualPetApp-Lab2.app */;
			productType = "com.apple.product-type.application";
		};
		F0392B5A2154516C00A4978E /* VirtualPetApp-Lab2Tests */ = {
			isa = PBXNativeTarget;
			buildConfigurationList = F0392B722154516C00A4978E /* Build configuration list for PBXNativeTarget "VirtualPetApp-Lab2Tests" */;
			buildPhases = (
				F0392B572154516C00A4978E /* Sources */,
				F0392B582154516C00A4978E /* Frameworks */,
				F0392B592154516C00A4978E /* Resources */,
			);
			buildRules = (
			);
			dependencies = (
				F0392B5D2154516C00A4978E /* PBXTargetDependency */,
			);
			name = "VirtualPetApp-Lab2Tests";
			productName = "VirtualPetApp-Lab2Tests";
			productReference = F0392B5B2154516C00A4978E /* VirtualPetApp-Lab2Tests.xctest */;
			productType = "com.apple.product-type.bundle.unit-test";
		};
		F0392B652154516C00A4978E /* VirtualPetApp-Lab2UITests */ = {
			isa = PBXNativeTarget;
			buildConfigurationList = F0392B752154516C00A4978E /* Build configuration list for PBXNativeTarget "VirtualPetApp-Lab2UITests" */;
			buildPhases = (
				F0392B622154516C00A4978E /* Sources */,
				F0392B632154516C00A4978E /* Frameworks */,
				F0392B642154516C00A4978E /* Resources */,
			);
			buildRules = (
			);
			dependencies = (
				F0392B682154516C00A4978E /* PBXTargetDependency */,
			);
			name = "VirtualPetApp-Lab2UITests";
			productName = "VirtualPetApp-Lab2UITests";
			productReference = F0392B662154516C00A4978E /* VirtualPetApp-Lab2UITests.xctest */;
			productType = "com.apple.product-type.bundle.ui-testing";
		};
/* End PBXNativeTarget section */

/* Begin PBXProject section */
		F0392B3F2154516A00A4978E /* Project object */ = {
			isa = PBXProject;
			attributes = {
				LastSwiftUpdateCheck = 0940;
				LastUpgradeCheck = 0940;
				ORGANIZATIONNAME = "Hakkyung Lee";
				TargetAttributes = {
					F0392B462154516A00A4978E = {
						CreatedOnToolsVersion = 9.4;
					};
					F0392B5A2154516C00A4978E = {
						CreatedOnToolsVersion = 9.4;
						TestTargetID = F0392B462154516A00A4978E;
					};
					F0392B652154516C00A4978E = {
						CreatedOnToolsVersion = 9.4;
						TestTargetID = F0392B462154516A00A4978E;
					};
				};
			};
			buildConfigurationList = F0392B422154516A00A4978E /* Build configuration list for PBXProject "VirtualPetApp-Lab2" */;
			compatibilityVersion = "Xcode 9.3";
			developmentRegion = en;
			hasScannedForEncodings = 0;
			knownRegions = (
				en,
				Base,
			);
			mainGroup = F0392B3E2154516A00A4978E;
			productRefGroup = F0392B482154516A00A4978E /* Products */;
			projectDirPath = "";
			projectRoot = "";
			targets = (
				F0392B462154516A00A4978E /* VirtualPetApp-Lab2 */,
				F0392B5A2154516C00A4978E /* VirtualPetApp-Lab2Tests */,
				F0392B652154516C00A4978E /* VirtualPetApp-Lab2UITests */,
			);
		};
/* End PBXProject section */

/* Begin PBXResourcesBuildPhase section */
		F0392B452154516A00A4978E /* Resources */ = {
			isa = PBXResourcesBuildPhase;
			buildActionMask = 2147483647;
			files = (
				F0392B552154516C00A4978E /* LaunchScreen.storyboard in Resources */,
				F0AFECA8215894B5000BA0CE /* bell.mp3 in Resources */,
				F0AFECAD2158A6F3000BA0CE /* jump.mp3 in Resources */,
				F0AFECA9215894B5000BA0CE /* water.mp3 in Resources */,
				F0AFECA7215894B5000BA0CE /* cat.mp3 in Resources */,
				F0392B522154516C00A4978E /* Assets.xcassets in Resources */,
				F0392B502154516B00A4978E /* Main.storyboard in Resources */,
				F0AFECAA215894B5000BA0CE /* dog.mp3 in Resources */,
				F0AFECAB215894B5000BA0CE /* bird.mp3 in Resources */,
			);
			runOnlyForDeploymentPostprocessing = 0;
		};
		F0392B592154516C00A4978E /* Resources */ = {
			isa = PBXResourcesBuildPhase;
			buildActionMask = 2147483647;
			files = (
			);
			runOnlyForDeploymentPostprocessing = 0;
		};
		F0392B642154516C00A4978E /* Resources */ = {
			isa = PBXResourcesBuildPhase;
			buildActionMask = 2147483647;
			files = (
			);
			runOnlyForDeploymentPostprocessing = 0;
		};
/* End PBXResourcesBuildPhase section */

/* Begin PBXSourcesBuildPhase section */
		F0392B432154516A00A4978E /* Sources */ = {
			isa = PBXSourcesBuildPhase;
			buildActionMask = 2147483647;
			files = (
				F0392B7B2154519E00A4978E /* DisplayView.swift in Sources */,
				F0AFEC9F21584A6C000BA0CE /* Animal.swift in Sources */,
				F0392B4D2154516B00A4978E /* ViewController.swift in Sources */,
				F0392B4B2154516B00A4978E /* AppDelegate.swift in Sources */,
			);
			runOnlyForDeploymentPostprocessing = 0;
		};
		F0392B572154516C00A4978E /* Sources */ = {
			isa = PBXSourcesBuildPhase;
			buildActionMask = 2147483647;
			files = (
				F0392B602154516C00A4978E /* VirtualPetApp_Lab2Tests.swift in Sources */,
			);
			runOnlyForDeploymentPostprocessing = 0;
		};
		F0392B622154516C00A4978E /* Sources */ = {
			isa = PBXSourcesBuildPhase;
			buildActionMask = 2147483647;
			files = (
				F0392B6B2154516C00A4978E /* VirtualPetApp_Lab2UITests.swift in Sources */,
			);
			runOnlyForDeploymentPostprocessing = 0;
		};
/* End PBXSourcesBuildPhase section */

/* Begin PBXTargetDependency section */
		F0392B5D2154516C00A4978E /* PBXTargetDependency */ = {
			isa = PBXTargetDependency;
			target = F0392B462154516A00A4978E /* VirtualPetApp-Lab2 */;
			targetProxy = F0392B5C2154516C00A4978E /* PBXContainerItemProxy */;
		};
		F0392B682154516C00A4978E /* PBXTargetDependency */ = {
			isa = PBXTargetDependency;
			target = F0392B462154516A00A4978E /* VirtualPetApp-Lab2 */;
			targetProxy = F0392B672154516C00A4978E /* PBXContainerItemProxy */;
		};
/* End PBXTargetDependency section */

/* Begin PBXVariantGroup section */
		F0392B4E2154516B00A4978E /* Main.storyboard */ = {
			isa = PBXVariantGroup;
			children = (
				F0392B4F2154516B00A4978E /* Base */,
			);
			name = Main.storyboard;
			sourceTree = "<group>";
		};
		F0392B532154516C00A4978E /* LaunchScreen.storyboard */ = {
			isa = PBXVariantGroup;
			children = (
				F0392B542154516C00A4978E /* Base */,
			);
			name = LaunchScreen.storyboard;
			sourceTree = "<group>";
		};
/* End PBXVariantGroup section */

/* Begin XCBuildConfiguration section */
		F0392B6D2154516C00A4978E /* Debug */ = {
			isa = XCBuildConfiguration;
			buildSettings = {
				ALWAYS_SEARCH_USER_PATHS = NO;
				CLANG_ANALYZER_NONNULL = YES;
				CLANG_ANALYZER_NUMBER_OBJECT_CONVERSION = YES_AGGRESSIVE;
				CLANG_CXX_LANGUAGE_STANDARD = "gnu++14";
				CLANG_CXX_LIBRARY = "libc++";
				CLANG_ENABLE_MODULES = YES;
				CLANG_ENABLE_OBJC_ARC = YES;
				CLANG_ENABLE_OBJC_WEAK = YES;
				CLANG_WARN_BLOCK_CAPTURE_AUTORELEASING = YES;
				CLANG_WARN_BOOL_CONVERSION = YES;
				CLANG_WARN_COMMA = YES;
				CLANG_WARN_CONSTANT_CONVERSION = YES;
				CLANG_WARN_DEPRECATED_OBJC_IMPLEMENTATIONS = YES;
				CLANG_WARN_DIRECT_OBJC_ISA_USAGE = YES_ERROR;
				CLANG_WARN_DOCUMENTATION_COMMENTS = YES;
				CLANG_WARN_EMPTY_BODY = YES;
				CLANG_WARN_ENUM_CONVERSION = YES;
				CLANG_WARN_INFINITE_RECURSION = YES;
				CLANG_WARN_INT_CONVERSION = YES;
				CLANG_WARN_NON_LITERAL_NULL_CONVERSION = YES;
				CLANG_WARN_OBJC_IMPLICIT_RETAIN_SELF = YES;
				CLANG_WARN_OBJC_LITERAL_CONVERSION = YES;
				CLANG_WARN_OBJC_ROOT_CLASS = YES_ERROR;
				CLANG_WARN_RANGE_LOOP_ANALYSIS = YES;
				CLANG_WARN_STRICT_PROTOTYPES = YES;
				CLANG_WARN_SUSPICIOUS_MOVE = YES;
				CLANG_WARN_UNGUARDED_AVAILABILITY = YES_AGGRESSIVE;
				CLANG_WARN_UNREACHABLE_CODE = YES;
				CLANG_WARN__DUPLICATE_METHOD_MATCH = YES;
				CODE_SIGN_IDENTITY = "iPhone Developer";
				COPY_PHASE_STRIP = NO;
				DEBUG_INFORMATION_FORMAT = dwarf;
				ENABLE_STRICT_OBJC_MSGSEND = YES;
				ENABLE_TESTABILITY = YES;
				GCC_C_LANGUAGE_STANDARD = gnu11;
				GCC_DYNAMIC_NO_PIC = NO;
				GCC_NO_COMMON_BLOCKS = YES;
				GCC_OPTIMIZATION_LEVEL = 0;
				GCC_PREPROCESSOR_DEFINITIONS = (
					"DEBUG=1",
					"$(inherited)",
				);
				GCC_WARN_64_TO_32_BIT_CONVERSION = YES;
				GCC_WARN_ABOUT_RETURN_TYPE = YES_ERROR;
				GCC_WARN_UNDECLARED_SELECTOR = YES;
				GCC_WARN_UNINITIALIZED_AUTOS = YES_AGGRESSIVE;
				GCC_WARN_UNUSED_FUNCTION = YES;
				GCC_WARN_UNUSED_VARIABLE = YES;
				IPHONEOS_DEPLOYMENT_TARGET = 11.4;
				MTL_ENABLE_DEBUG_INFO = YES;
				ONLY_ACTIVE_ARCH = YES;
				SDKROOT = iphoneos;
				SWIFT_ACTIVE_COMPILATION_CONDITIONS = DEBUG;
				SWIFT_OPTIMIZATION_LEVEL = "-Onone";
			};
			name = Debug;
		};
		F0392B6E2154516C00A4978E /* Release */ = {
			isa = XCBuildConfiguration;
			buildSettings = {
				ALWAYS_SEARCH_USER_PATHS = NO;
				CLANG_ANALYZER_NONNULL = YES;
				CLANG_ANALYZER_NUMBER_OBJECT_CONVERSION = YES_AGGRESSIVE;
				CLANG_CXX_LANGUAGE_STANDARD = "gnu++14";
				CLANG_CXX_LIBRARY = "libc++";
				CLANG_ENABLE_MODULES = YES;
				CLANG_ENABLE_OBJC_ARC = YES;
				CLANG_ENABLE_OBJC_WEAK = YES;
				CLANG_WARN_BLOCK_CAPTURE_AUTORELEASING = YES;
				CLANG_WARN_BOOL_CONVERSION = YES;
				CLANG_WARN_COMMA = YES;
				CLANG_WARN_CONSTANT_CONVERSION = YES;
				CLANG_WARN_DEPRECATED_OBJC_IMPLEMENTATIONS = YES;
				CLANG_WARN_DIRECT_OBJC_ISA_USAGE = YES_ERROR;
				CLANG_WARN_DOCUMENTATION_COMMENTS = YES;
				CLANG_WARN_EMPTY_BODY = YES;
				CLANG_WARN_ENUM_CONVERSION = YES;
				CLANG_WARN_INFINITE_RECURSION = YES;
				CLANG_WARN_INT_CONVERSION = YES;
				CLANG_WARN_NON_LITERAL_NULL_CONVERSION = YES;
				CLANG_WARN_OBJC_IMPLICIT_RETAIN_SELF = YES;
				CLANG_WARN_OBJC_LITERAL_CONVERSION = YES;
				CLANG_WARN_OBJC_ROOT_CLASS = YES_ERROR;
				CLANG_WARN_RANGE_LOOP_ANALYSIS = YES;
				CLANG_WARN_STRICT_PROTOTYPES = YES;
				CLANG_WARN_SUSPICIOUS_MOVE = YES;
				CLANG_WARN_UNGUARDED_AVAILABILITY = YES_AGGRESSIVE;
				CLANG_WARN_UNREACHABLE_CODE = YES;
				CLANG_WARN__DUPLICATE_METHOD_MATCH = YES;
				CODE_SIGN_IDENTITY = "iPhone Developer";
				COPY_PHASE_STRIP = NO;
				DEBUG_INFORMATION_FORMAT = "dwarf-with-dsym";
				ENABLE_NS_ASSERTIONS = NO;
				ENABLE_STRICT_OBJC_MSGSEND = YES;
				GCC_C_LANGUAGE_STANDARD = gnu11;
				GCC_NO_COMMON_BLOCKS = YES;
				GCC_WARN_64_TO_32_BIT_CONVERSION = YES;
				GCC_WARN_ABOUT_RETURN_TYPE = YES_ERROR;
				GCC_WARN_UNDECLARED_SELECTOR = YES;
				GCC_WARN_UNINITIALIZED_AUTOS = YES_AGGRESSIVE;
				GCC_WARN_UNUSED_FUNCTION = YES;
				GCC_WARN_UNUSED_VARIABLE = YES;
				IPHONEOS_DEPLOYMENT_TARGET = 11.4;
				MTL_ENABLE_DEBUG_INFO = NO;
				SDKROOT = iphoneos;
				SWIFT_COMPILATION_MODE = wholemodule;
				SWIFT_OPTIMIZATION_LEVEL = "-O";
				VALIDATE_PRODUCT = YES;
			};
			name = Release;
		};
		F0392B702154516C00A4978E /* Debug */ = {
			isa = XCBuildConfiguration;
			buildSettings = {
				ASSETCATALOG_COMPILER_APPICON_NAME = AppIcon;
				CODE_SIGN_STYLE = Automatic;
				DEVELOPMENT_TEAM = 948MD57764;
				INFOPLIST_FILE = "VirtualPetApp-Lab2/Info.plist";
				LD_RUNPATH_SEARCH_PATHS = (
					"$(inherited)",
					"@executable_path/Frameworks",
				);
				PRODUCT_BUNDLE_IDENTIFIER = "cse438.VirtualPetApp-Lab2";
				PRODUCT_NAME = "$(TARGET_NAME)";
				SWIFT_VERSION = 4.0;
				TARGETED_DEVICE_FAMILY = "1,2";
			};
			name = Debug;
		};
		F0392B712154516C00A4978E /* Release */ = {
			isa = XCBuildConfiguration;
			buildSettings = {
				ASSETCATALOG_COMPILER_APPICON_NAME = AppIcon;
				CODE_SIGN_STYLE = Automatic;
				DEVELOPMENT_TEAM = 948MD57764;
				INFOPLIST_FILE = "VirtualPetApp-Lab2/Info.plist";
				LD_RUNPATH_SEARCH_PATHS = (
					"$(inherited)",
					"@executable_path/Frameworks",
				);
				PRODUCT_BUNDLE_IDENTIFIER = "cse438.VirtualPetApp-Lab2";
				PRODUCT_NAME = "$(TARGET_NAME)";
				SWIFT_VERSION = 4.0;
				TARGETED_DEVICE_FAMILY = "1,2";
			};
			name = Release;
		};
		F0392B732154516C00A4978E /* Debug */ = {
			isa = XCBuildConfiguration;
			buildSettings = {
				ALWAYS_EMBED_SWIFT_STANDARD_LIBRARIES = YES;
				BUNDLE_LOADER = "$(TEST_HOST)";
				CODE_SIGN_STYLE = Automatic;
				DEVELOPMENT_TEAM = 948MD57764;
				INFOPLIST_FILE = "VirtualPetApp-Lab2Tests/Info.plist";
				LD_RUNPATH_SEARCH_PATHS = (
					"$(inherited)",
					"@executable_path/Frameworks",
					"@loader_path/Frameworks",
				);
				PRODUCT_BUNDLE_IDENTIFIER = "cse438.VirtualPetApp-Lab2Tests";
				PRODUCT_NAME = "$(TARGET_NAME)";
				SWIFT_VERSION = 4.0;
				TARGETED_DEVICE_FAMILY = "1,2";
				TEST_HOST = "$(BUILT_PRODUCTS_DIR)/VirtualPetApp-Lab2.app/VirtualPetApp-Lab2";
			};
			name = Debug;
		};
		F0392B742154516C00A4978E /* Release */ = {
			isa = XCBuildConfiguration;
			buildSettings = {
				ALWAYS_EMBED_SWIFT_STANDARD_LIBRARIES = YES;
				BUNDLE_LOADER = "$(TEST_HOST)";
				CODE_SIGN_STYLE = Automatic;
				DEVELOPMENT_TEAM = 948MD57764;
				INFOPLIST_FILE = "VirtualPetApp-Lab2Tests/Info.plist";
				LD_RUNPATH_SEARCH_PATHS = (
					"$(inherited)",
					"@executable_path/Frameworks",
					"@loader_path/Frameworks",
				);
				PRODUCT_BUNDLE_IDENTIFIER = "cse438.VirtualPetApp-Lab2Tests";
				PRODUCT_NAME = "$(TARGET_NAME)";
				SWIFT_VERSION = 4.0;
				TARGETED_DEVICE_FAMILY = "1,2";
				TEST_HOST = "$(BUILT_PRODUCTS_DIR)/VirtualPetApp-Lab2.app/VirtualPetApp-Lab2";
			};
			name = Release;
		};
		F0392B762154516C00A4978E /* Debug */ = {
			isa = XCBuildConfiguration;
			buildSettings = {
				ALWAYS_EMBED_SWIFT_STANDARD_LIBRARIES = YES;
				CODE_SIGN_STYLE = Automatic;
				DEVELOPMENT_TEAM = 948MD57764;
				INFOPLIST_FILE = "VirtualPetApp-Lab2UITests/Info.plist";
				LD_RUNPATH_SEARCH_PATHS = (
					"$(inherited)",
					"@executable_path/Frameworks",
					"@loader_path/Frameworks",
				);
				PRODUCT_BUNDLE_IDENTIFIER = "cse438.VirtualPetApp-Lab2UITests";
				PRODUCT_NAME = "$(TARGET_NAME)";
				SWIFT_VERSION = 4.0;
				TARGETED_DEVICE_FAMILY = "1,2";
				TEST_TARGET_NAME = "VirtualPetApp-Lab2";
			};
			name = Debug;
		};
		F0392B772154516C00A4978E /* Release */ = {
			isa = XCBuildConfiguration;
			buildSettings = {
				ALWAYS_EMBED_SWIFT_STANDARD_LIBRARIES = YES;
				CODE_SIGN_STYLE = Automatic;
				DEVELOPMENT_TEAM = 948MD57764;
				INFOPLIST_FILE = "VirtualPetApp-Lab2UITests/Info.plist";
				LD_RUNPATH_SEARCH_PATHS = (
					"$(inherited)",
					"@executable_path/Frameworks",
					"@loader_path/Frameworks",
				);
				PRODUCT_BUNDLE_IDENTIFIER = "cse438.VirtualPetApp-Lab2UITests";
				PRODUCT_NAME = "$(TARGET_NAME)";
				SWIFT_VERSION = 4.0;
				TARGETED_DEVICE_FAMILY = "1,2";
				TEST_TARGET_NAME = "VirtualPetApp-Lab2";
			};
			name = Release;
		};
/* End XCBuildConfiguration section */

/* Begin XCConfigurationList section */
		F0392B422154516A00A4978E /* Build configuration list for PBXProject "VirtualPetApp-Lab2" */ = {
			isa = XCConfigurationList;
			buildConfigurations = (
				F0392B6D2154516C00A4978E /* Debug */,
				F0392B6E2154516C00A4978E /* Release */,
			);
			defaultConfigurationIsVisible = 0;
			defaultConfigurationName = Release;
		};
		F0392B6F2154516C00A4978E /* Build configuration list for PBXNativeTarget "VirtualPetApp-Lab2" */ = {
			isa = XCConfigurationList;
			buildConfigurations = (
				F0392B702154516C00A4978E /* Debug */,
				F0392B712154516C00A4978E /* Release */,
			);
			defaultConfigurationIsVisible = 0;
			defaultConfigurationName = Release;
		};
		F0392B722154516C00A4978E /* Build configuration list for PBXNativeTarget "VirtualPetApp-Lab2Tests" */ = {
			isa = XCConfigurationList;
			buildConfigurations = (
				F0392B732154516C00A4978E /* Debug */,
				F0392B742154516C00A4978E /* Release */,
			);
			defaultConfigurationIsVisible = 0;
			defaultConfigurationName = Release;
		};
		F0392B752154516C00A4978E /* Build configuration list for PBXNativeTarget "VirtualPetApp-Lab2UITests" */ = {
			isa = XCConfigurationList;
			buildConfigurations = (
				F0392B762154516C00A4978E /* Debug */,
				F0392B772154516C00A4978E /* Release */,
			);
			defaultConfigurationIsVisible = 0;
			defaultConfigurationName = Release;
		};
/* End XCConfigurationList section */
	};
	rootObject = F0392B3F2154516A00A4978E /* Project object */;
}
